PackratFormat: 1.4
PackratVersion: 0.5.0
RVersion: 3.6.3
Repos: CRAN=https://cloud.r-project.org

Package: BH
Source: CRAN
Version: 1.72.0-3
Hash: fc53be86f0b712d3de03fef95893d710

Package: DBI
Source: CRAN
Version: 1.1.0
Hash: d1075050684753e939c45775617c8f38

Package: R6
Source: CRAN
Version: 2.4.1
Hash: b488861d8c3dfac497e041ec911df9fb

Package: RPostgres
Source: CRAN
Version: 1.2.0
Hash: 277419fd08f8a3fb2aade973745b0195
Requires: BH, DBI, Rcpp, bit64, blob, hms, plogr, withr

Package: Rcpp
Source: CRAN
Version: 1.0.4.6
Hash: 8b95553bc32a59321b8981aa02bfbf72

Package: assertthat
Source: CRAN
Version: 0.2.1
Hash: 622be49032fe50bd42e96aaef613e209

Package: base64enc
Source: CRAN
Version: 0.1-3
Hash: c590d29e555926af053055e23ee79efb

Package: bit
Source: CRAN
Version: 1.1-15.2
Hash: 8d0ff944906d362413913f08f7a2d781

Package: bit64
Source: CRAN
Version: 0.9-7.1
Hash: a258278f75fc57e6aa665452a7123b35
Requires: bit

Package: blob
Source: CRAN
Version: 1.2.1
Hash: de88fed092924767ccb739b695f35d2b
Requires: rlang, vctrs

Package: cli
Source: CRAN
Version: 2.0.2
Hash: 6fc0b39f0fdbe3a025062807019e1180
Requires: glue, assertthat, crayon, fansi

Package: commonmark
Source: CRAN
Version: 1.7
Hash: 77f4ba718e2bad1877ef26e48cf8fa43

Package: crayon
Source: CRAN
Version: 1.3.4
Hash: ff2840dd9b0d563fc80377a5a45510cd

Package: data.table
Source: CRAN
Version: 1.13.0
Hash: 7ac8e8514f185a5415ecc95ccbc50e1a

Package: digest
Source: CRAN
Version: 0.6.25
Hash: ec0a673866797c8c1fc1daa359fb4cad

Package: dotenv
Source: CRAN
Version: 1.0.2
Hash: 519cd2bd051a57af796091379ee3ca69

Package: dygraphs
Source: CRAN
Version: 1.1.1.6
Hash: d79b4000362792fec89263172aabb541
Requires: htmltools, htmlwidgets, magrittr, xts, zoo

Package: ellipsis
Source: CRAN
Version: 0.3.0
Hash: 30b58109e4d7c6184a9c2e32f9ae38c6
Requires: rlang

Package: evaluate
Source: CRAN
Version: 0.14
Hash: 18306cc3bc1aec7b7360eea8a0eb0ee1

Package: fansi
Source: CRAN
Version: 0.4.1
Hash: fc0a252b8e427847d13e89f56ab4665e

Package: fastmap
Source: CRAN
Version: 1.0.1
Hash: d272cd728e4095b3964181b44763f46c

Package: glue
Source: CRAN
Version: 1.4.0
Hash: 21e4ea62a77239a9fc736d5b01338163

Package: hms
Source: CRAN
Version: 0.5.3
Hash: a0709e1b17b4bc1c27f5235177543e07
Requires: pkgconfig, rlang, vctrs

Package: htmltools
Source: CRAN
Version: 0.5.0
Hash: 79070a001acba57f88692d17e859bac5
Requires: digest, rlang, base64enc

Package: htmlwidgets
Source: CRAN
Version: 1.5.1
Hash: 20e5cc02b795afc7322836c947b5aab2
Requires: htmltools, jsonlite, yaml

Package: httpuv
Source: CRAN
Version: 1.5.2
Hash: 7bf2ef6204914d0401233e1d7d434937
Requires: BH, Rcpp, R6, later, promises

Package: jsonlite
Source: CRAN
Version: 1.7.0
Hash: dec188bcfae1bb0fba6731c9aee6a9d2

Package: later
Source: github
Version: 1.0.0.9002
Hash: e59740bb631ab1c01dbf87461eaae4ea
Requires: BH, Rcpp, rlang
GithubRepo: later
GithubUsername: r-lib
GithubRef: master
GithubSha1: 0fb877adcfdf8166eb5b505fe99bcf2f9bedacd3
RemoteHost: api.github.com
RemoteRepo: later
RemoteUsername: r-lib
RemoteRef: master
RemoteSha: 0fb877adcfdf8166eb5b505fe99bcf2f9bedacd3

Package: magrittr
Source: CRAN
Version: 1.5
Hash: bdc4d48c3135e8f3b399536ddf160df4

Package: mime
Source: CRAN
Version: 0.9
Hash: f3388735b4ddea072aff3be44f7f4968

Package: odbc
Source: CRAN
Version: 1.2.3
Hash: 13359e907d7a32affd0f5298b5099482
Requires: DBI, Rcpp, bit64, blob, hms, rlang

Package: packrat
Source: CRAN
Version: 0.5.0
Hash: 498643e765d1442ba7b1160a1df3abf9

Package: pkgconfig
Source: CRAN
Version: 2.0.2
Hash: b0fd6ed908e150b77e5f00c6478bd58c

Package: plogr
Source: CRAN
Version: 0.2.0
Hash: 81a8008a5e7858552503935f1abe48aa

Package: praise
Source: CRAN
Version: 1.0.0
Hash: 77da8f1df873a4b91e5c4a68fe2fb1b6

Package: promises
Source: github
Version: 1.1.0.9000
Hash: aef0c526c25c9674d206f824555b41e7
Requires: Rcpp, rlang, R6, later, magrittr
GithubRepo: promises
GithubUsername: rstudio
GithubRef: master
GithubSha1: dfc2754b6f9f463c2319d047973a53d5f86bf771
RemoteHost: api.github.com
RemoteRepo: promises
RemoteUsername: rstudio
RemoteRef: master
RemoteSha: dfc2754b6f9f463c2319d047973a53d5f86bf771

Package: rlang
Source: CRAN
Version: 0.4.5
Hash: 99d62d0aaf54a9938784f4485efa9933

Package: shiny
Source: CRAN
Version: 1.5.0
Hash: c6e7eb15d6cd1f0f21b6afe871d6e106
Requires: digest, glue, rlang, withr, R6, commonmark, crayon, fastmap,
    htmltools, httpuv, jsonlite, later, mime, promises, sourcetools,
    xtable

Package: shinyWidgets
Source: CRAN
Version: 0.5.3
Hash: 38209297307be9249b6012a95b84f43d
Requires: htmltools, jsonlite, shiny

Package: shinydashboard
Source: CRAN
Version: 0.7.1
Hash: 9ff3e3d1aa83d9ae9b75c6f31e982aa6
Requires: htmltools, promises, shiny

Package: sourcetools
Source: CRAN
Version: 0.1.7
Hash: d093478ac90064e670cd4bf1a99b47b6

Package: testthat
Source: CRAN
Version: 2.2.1
Hash: ec68d8eb0203c88d5efa62e67fba2a97
Requires: digest, rlang, withr, R6, cli, crayon, evaluate, magrittr,
    praise

Package: vctrs
Source: CRAN
Version: 0.2.4
Hash: e06451edcd80df3a07b71fe7f5d10739
Requires: digest, ellipsis, glue, rlang

Package: withr
Source: CRAN
Version: 2.1.2
Hash: d534108bcd5f34ec73e9eb523751ba20

Package: xtable
Source: CRAN
Version: 1.8-4
Hash: dc0d47261b678d26032363bebd050540

Package: xts
Source: CRAN
Version: 0.12-0
Hash: 76d62c446276519363516ece8961a791
Requires: zoo

Package: yaml
Source: CRAN
Version: 2.2.1
Hash: 424bc11cc358f23187feaa7978628196

Package: zoo
Source: CRAN
Version: 1.8-8
Hash: cc9534113f4513acb2f838ef8e2cd467
